// !$*UTF8*$!
{
	archiveVersion = 1;
	classes = {
	};
	objectVersion = 77;
	objects = {

/* Begin PBXBuildFile section */
		680F4D542D5F1D8F00DA79E2 /* StoryBrain.swift in Sources */ = {isa = PBXBuildFile; fileRef = 680F4D532D5F1D8900DA79E2 /* StoryBrain.swift */; };
		686D27F72D5EA8DC002726CF /* ViewController.swift in Sources */ = {isa = PBXBuildFile; fileRef = 686D27F62D5EA8DC002726CF /* ViewController.swift */; };
		686D27FA2D5EA8DC002726CF /* Main.storyboard in Resources */ = {isa = PBXBuildFile; fileRef = 686D27F82D5EA8DC002726CF /* Main.storyboard */; };
		68D8C7992D5F02BB00C8A8F1 /* Story.swift in Sources */ = {isa = PBXBuildFile; fileRef = 68D8C7982D5F02BB00C8A8F1 /* Story.swift */; };
/* End PBXBuildFile section */

/* Begin PBXFileReference section */
		680F4D532D5F1D8900DA79E2 /* StoryBrain.swift */ = {isa = PBXFileReference; lastKnownFileType = sourcecode.swift; path = StoryBrain.swift; sourceTree = "<group>"; };
		686D27EF2D5EA8DC002726CF /* Destiniii.app */ = {isa = PBXFileReference; explicitFileType = wrapper.application; includeInIndex = 0; path = Destiniii.app; sourceTree = BUILT_PRODUCTS_DIR; };
		686D27F62D5EA8DC002726CF /* ViewController.swift */ = {isa = PBXFileReference; lastKnownFileType = sourcecode.swift; path = ViewController.swift; sourceTree = "<group>"; };
		686D27F92D5EA8DC002726CF /* Base */ = {isa = PBXFileReference; lastKnownFileType = file.storyboard; name = Base; path = Base.lproj/Main.storyboard; sourceTree = "<group>"; };
		68D8C7982D5F02BB00C8A8F1 /* Story.swift */ = {isa = PBXFileReference; lastKnownFileType = sourcecode.swift; path = Story.swift; sourceTree = "<group>"; };
/* End PBXFileReference section */

/* Begin PBXFileSystemSynchronizedBuildFileExceptionSet section */
		686D28012D5EA8DD002726CF /* Exceptions for "Destiniii" folder in "Destiniii" target */ = {
			isa = PBXFileSystemSynchronizedBuildFileExceptionSet;
			membershipExceptions = (
				Info.plist,
			);
			target = 686D27EE2D5EA8DC002726CF /* Destiniii */;
		};
/* End PBXFileSystemSynchronizedBuildFileExceptionSet section */

/* Begin PBXFileSystemSynchronizedRootGroup section */
		686D27F12D5EA8DC002726CF /* Destiniii */ = {
			isa = PBXFileSystemSynchronizedRootGroup;
			exceptions = (
				686D28012D5EA8DD002726CF /* Exceptions for "Destiniii" folder in "Destiniii" target */,
			);
			path = Destiniii;
			sourceTree = "<group>";
		};
/* End PBXFileSystemSynchronizedRootGroup section */

/* Begin PBXFrameworksBuildPhase section */
		686D27EC2D5EA8DC002726CF /* Frameworks */ = {
			isa = PBXFrameworksBuildPhase;
			buildActionMask = 2147483647;
			files = (
			);
			runOnlyForDeploymentPostprocessing = 0;
		};
/* End PBXFrameworksBuildPhase section */

/* Begin PBXGroup section */
		686D27E62D5EA8DC002726CF = {
			isa = PBXGroup;
			children = (
				686D28072D5EAA05002726CF /* Model */,
				686D28082D5EAA10002726CF /* View */,
				686D28092D5EAA28002726CF /* Controller */,
				686D27F12D5EA8DC002726CF /* Destiniii */,
				686D27F02D5EA8DC002726CF /* Products */,
			);
			sourceTree = "<group>";
		};
		686D27F02D5EA8DC002726CF /* Products */ = {
			isa = PBXGroup;
			children = (
				686D27EF2D5EA8DC002726CF /* Destiniii.app */,
			);
			name = Products;
			sourceTree = "<group>";
		};
		686D28072D5EAA05002726CF /* Model */ = {
			isa = PBXGroup;
			children = (
				680F4D532D5F1D8900DA79E2 /* StoryBrain.swift */,
				68D8C7982D5F02BB00C8A8F1 /* Story.swift */,
			);
			path = Model;
			sourceTree = "<group>";
		};
		686D28082D5EAA10002726CF /* View */ = {
			isa = PBXGroup;
			children = (
				686D27F82D5EA8DC002726CF /* Main.storyboard */,
			);
			path = View;
			sourceTree = "<group>";
		};
		686D28092D5EAA28002726CF /* Controller */ = {
			isa = PBXGroup;
			children = (
				686D27F62D5EA8DC002726CF /* ViewController.swift */,
			);
			path = Controller;
			sourceTree = "<group>";
		};
/* End PBXGroup section */

/* Begin PBXNativeTarget section */
		686D27EE2D5EA8DC002726CF /* Destiniii */ = {
			isa = PBXNativeTarget;
			buildConfigurationList = 686D28022D5EA8DD002726CF /* Build configuration list for PBXNativeTarget "Destiniii" */;
			buildPhases = (
				686D27EB2D5EA8DC002726CF /* Sources */,
				686D27EC2D5EA8DC002726CF /* Frameworks */,
				686D27ED2D5EA8DC002726CF /* Resources */,
			);
			buildRules = (
			);
			dependencies = (
			);
			fileSystemSynchronizedGroups = (
				686D27F12D5EA8DC002726CF /* Destiniii */,
			);
			name = Destiniii;
			packageProductDependencies = (
			);
			productName = Destiniii;
			productReference = 686D27EF2D5EA8DC002726CF /* Destiniii.app */;
			productType = "com.apple.product-type.application";
		};
/* End PBXNativeTarget section */

/* Begin PBXProject section */
		686D27E72D5EA8DC002726CF /* Project object */ = {
			isa = PBXProject;
			attributes = {
				BuildIndependentTargetsInParallel = 1;
				LastSwiftUpdateCheck = 1620;
				LastUpgradeCheck = 1620;
				TargetAttributes = {
					686D27EE2D5EA8DC002726CF = {
						CreatedOnToolsVersion = 16.2;
					};
				};
			};
			buildConfigurationList = 686D27EA2D5EA8DC002726CF /* Build configuration list for PBXProject "Destiniii" */;
			developmentRegion = en;
			hasScannedForEncodings = 0;
			knownRegions = (
				en,
				Base,
			);
			mainGroup = 686D27E62D5EA8DC002726CF;
			minimizedProjectReferenceProxies = 1;
			preferredProjectObjectVersion = 77;
			productRefGroup = 686D27F02D5EA8DC002726CF /* Products */;
			projectDirPath = "";
			projectRoot = "";
			targets = (
				686D27EE2D5EA8DC002726CF /* Destiniii */,
			);
		};
/* End PBXProject section */

/* Begin PBXResourcesBuildPhase section */
		686D27ED2D5EA8DC002726CF /* Resources */ = {
			isa = PBXResourcesBuildPhase;
			buildActionMask = 2147483647;
			files = (
				686D27FA2D5EA8DC002726CF /* Main.storyboard in Resources */,
			);
			runOnlyForDeploymentPostprocessing = 0;
		};
/* End PBXResourcesBuildPhase section */

/* Begin PBXSourcesBuildPhase section */
		686D27EB2D5EA8DC002726CF /* Sources */ = {
			isa = PBXSourcesBuildPhase;
			buildActionMask = 2147483647;
			files = (
				686D27F72D5EA8DC002726CF /* ViewController.swift in Sources */,
				680F4D542D5F1D8F00DA79E2 /* StoryBrain.swift in Sources */,
				68D8C7992D5F02BB00C8A8F1 /* Story.swift in Sources */,
			);
			runOnlyForDeploymentPostprocessing = 0;
		};
/* End PBXSourcesBuildPhase section */

/* Begin PBXVariantGroup section */
		686D27F82D5EA8DC002726CF /* Main.storyboard */ = {
			isa = PBXVariantGroup;
			children = (
				686D27F92D5EA8DC002726CF /* Base */,
			);
			name = Main.storyboard;
			sourceTree = "<group>";
		};
/* End PBXVariantGroup section */

/* Begin XCBuildConfiguration section */
		686D28032D5EA8DD002726CF /* Debug */ = {
			isa = XCBuildConfiguration;
			buildSettings = {
				ASSETCATALOG_COMPILER_APPICON_NAME = AppIcon;
				ASSETCATALOG_COMPILER_GLOBAL_ACCENT_COLOR_NAME = AccentColor;
				CODE_SIGN_STYLE = Automatic;
				CURRENT_PROJECT_VERSION = 1;
				DEVELOPMENT_TEAM = G4D4CWW275;
				GENERATE_INFOPLIST_FILE = YES;
				INFOPLIST_FILE = Destiniii/Info.plist;
				INFOPLIST_KEY_UIApplicationSupportsIndirectInputEvents = YES;
				INFOPLIST_KEY_UILaunchStoryboardName = LaunchScreen;
				INFOPLIST_KEY_UIMainStoryboardFile = Main;
				INFOPLIST_KEY_UISupportedInterfaceOrientations = UIInterfaceOrientationPortrait;
				LD_RUNPATH_SEARCH_PATHS = (
					"$(inherited)",
					"@executable_path/Frameworks",
				);
				MARKETING_VERSION = 1.0;
				PRODUCT_BUNDLE_IDENTIFIER = com.AndyPatterson.Destiniii;
				PRODUCT_NAME = "$(TARGET_NAME)";
				SWIFT_EMIT_LOC_STRINGS = YES;
				SWIFT_VERSION = 5.0;
				TARGETED_DEVICE_FAMILY = "1,2";
			};
			name = Debug;
		};
		686D28042D5EA8DD002726CF /* Release */ = {
			isa = XCBuildConfiguration;
			buildSettings = {
				ASSETCATALOG_COMPILER_APPICON_NAME = AppIcon;
				ASSETCATALOG_COMPILER_GLOBAL_ACCENT_COLOR_NAME = AccentColor;
				CODE_SIGN_STYLE = Automatic;
				CURRENT_PROJECT_VERSION = 1;
				DEVELOPMENT_TEAM = G4D4CWW275;
				GENERATE_INFOPLIST_FILE = YES;
				INFOPLIST_FILE = Destiniii/Info.plist;
				INFOPLIST_KEY_UIApplicationSupportsIndirectInputEvents = YES;
				INFOPLIST_KEY_UILaunchStoryboardName = LaunchScreen;
				INFOPLIST_KEY_UIMainStoryboardFile = Main;
				INFOPLIST_KEY_UISupportedInterfaceOrientations = UIInterfaceOrientationPortrait;
				LD_RUNPATH_SEARCH_PATHS = (
					"$(inherited)",
					"@executable_path/Frameworks",
				);
				MARKETING_VERSION = 1.0;
				PRODUCT_BUNDLE_IDENTIFIER = com.AndyPatterson.Destiniii;
				PRODUCT_NAME = "$(TARGET_NAME)";
				SWIFT_EMIT_LOC_STRINGS = YES;
				SWIFT_VERSION = 5.0;
				TARGETED_DEVICE_FAMILY = "1,2";
			};
			name = Release;
		};
		686D28052D5EA8DD002726CF /* Debug */ = {
			isa = XCBuildConfiguration;
			buildSettings = {
				ALWAYS_SEARCH_USER_PATHS = NO;
				ASSETCATALOG_COMPILER_GENERATE_SWIFT_ASSET_SYMBOL_EXTENSIONS = YES;
				CLANG_ANALYZER_NONNULL = YES;
				CLANG_ANALYZER_NUMBER_OBJECT_CONVERSION = YES_AGGRESSIVE;
				CLANG_CXX_LANGUAGE_STANDARD = "gnu++20";
				CLANG_ENABLE_MODULES = YES;
				CLANG_ENABLE_OBJC_ARC = YES;
				CLANG_ENABLE_OBJC_WEAK = YES;
				CLANG_WARN_BLOCK_CAPTURE_AUTORELEASING = YES;
				CLANG_WARN_BOOL_CONVERSION = YES;
				CLANG_WARN_COMMA = YES;
				CLANG_WARN_CONSTANT_CONVERSION = YES;
				CLANG_WARN_DEPRECATED_OBJC_IMPLEMENTATIONS = YES;
				CLANG_WARN_DIRECT_OBJC_ISA_USAGE = YES_ERROR;
				CLANG_WARN_DOCUMENTATION_COMMENTS = YES;
				CLANG_WARN_EMPTY_BODY = YES;
				CLANG_WARN_ENUM_CONVERSION = YES;
				CLANG_WARN_INFINITE_RECURSION = YES;
				CLANG_WARN_INT_CONVERSION = YES;
				CLANG_WARN_NON_LITERAL_NULL_CONVERSION = YES;
				CLANG_WARN_OBJC_IMPLICIT_RETAIN_SELF = YES;
				CLANG_WARN_OBJC_LITERAL_CONVERSION = YES;
				CLANG_WARN_OBJC_ROOT_CLASS = YES_ERROR;
				CLANG_WARN_QUOTED_INCLUDE_IN_FRAMEWORK_HEADER = YES;
				CLANG_WARN_RANGE_LOOP_ANALYSIS = YES;
				CLANG_WARN_STRICT_PROTOTYPES = YES;
				CLANG_WARN_SUSPICIOUS_MOVE = YES;
				CLANG_WARN_UNGUARDED_AVAILABILITY = YES_AGGRESSIVE;
				CLANG_WARN_UNREACHABLE_CODE = YES;
				CLANG_WARN__DUPLICATE_METHOD_MATCH = YES;
				COPY_PHASE_STRIP = NO;
				DEBUG_INFORMATION_FORMAT = dwarf;
				ENABLE_STRICT_OBJC_MSGSEND = YES;
				ENABLE_TESTABILITY = YES;
				ENABLE_USER_SCRIPT_SANDBOXING = YES;
				GCC_C_LANGUAGE_STANDARD = gnu17;
				GCC_DYNAMIC_NO_PIC = NO;
				GCC_NO_COMMON_BLOCKS = YES;
				GCC_OPTIMIZATION_LEVEL = 0;
				GCC_PREPROCESSOR_DEFINITIONS = (
					"DEBUG=1",
					"$(inherited)",
				);
				GCC_WARN_64_TO_32_BIT_CONVERSION = YES;
				GCC_WARN_ABOUT_RETURN_TYPE = YES_ERROR;
				GCC_WARN_UNDECLARED_SELECTOR = YES;
				GCC_WARN_UNINITIALIZED_AUTOS = YES_AGGRESSIVE;
				GCC_WARN_UNUSED_FUNCTION = YES;
				GCC_WARN_UNUSED_VARIABLE = YES;
				IPHONEOS_DEPLOYMENT_TARGET = 18.2;
				LOCALIZATION_PREFERS_STRING_CATALOGS = YES;
				MTL_ENABLE_DEBUG_INFO = INCLUDE_SOURCE;
				MTL_FAST_MATH = YES;
				ONLY_ACTIVE_ARCH = YES;
				SDKROOT = iphoneos;
				SWIFT_ACTIVE_COMPILATION_CONDITIONS = "DEBUG $(inherited)";
				SWIFT_OPTIMIZATION_LEVEL = "-Onone";
			};
			name = Debug;
		};
		686D28062D5EA8DD002726CF /* Release */ = {
			isa = XCBuildConfiguration;
			buildSettings = {
				ALWAYS_SEARCH_USER_PATHS = NO;
				ASSETCATALOG_COMPILER_GENERATE_SWIFT_ASSET_SYMBOL_EXTENSIONS = YES;
				CLANG_ANALYZER_NONNULL = YES;
				CLANG_ANALYZER_NUMBER_OBJECT_CONVERSION = YES_AGGRESSIVE;
				CLANG_CXX_LANGUAGE_STANDARD = "gnu++20";
				CLANG_ENABLE_MODULES = YES;
				CLANG_ENABLE_OBJC_ARC = YES;
				CLANG_ENABLE_OBJC_WEAK = YES;
				CLANG_WARN_BLOCK_CAPTURE_AUTORELEASING = YES;
				CLANG_WARN_BOOL_CONVERSION = YES;
				CLANG_WARN_COMMA = YES;
				CLANG_WARN_CONSTANT_CONVERSION = YES;
				CLANG_WARN_DEPRECATED_OBJC_IMPLEMENTATIONS = YES;
				CLANG_WARN_DIRECT_OBJC_ISA_USAGE = YES_ERROR;
				CLANG_WARN_DOCUMENTATION_COMMENTS = YES;
				CLANG_WARN_EMPTY_BODY = YES;
				CLANG_WARN_ENUM_CONVERSION = YES;
				CLANG_WARN_INFINITE_RECURSION = YES;
				CLANG_WARN_INT_CONVERSION = YES;
				CLANG_WARN_NON_LITERAL_NULL_CONVERSION = YES;
				CLANG_WARN_OBJC_IMPLICIT_RETAIN_SELF = YES;
				CLANG_WARN_OBJC_LITERAL_CONVERSION = YES;
				CLANG_WARN_OBJC_ROOT_CLASS = YES_ERROR;
				CLANG_WARN_QUOTED_INCLUDE_IN_FRAMEWORK_HEADER = YES;
				CLANG_WARN_RANGE_LOOP_ANALYSIS = YES;
				CLANG_WARN_STRICT_PROTOTYPES = YES;
				CLANG_WARN_SUSPICIOUS_MOVE = YES;
				CLANG_WARN_UNGUARDED_AVAILABILITY = YES_AGGRESSIVE;
				CLANG_WARN_UNREACHABLE_CODE = YES;
				CLANG_WARN__DUPLICATE_METHOD_MATCH = YES;
				COPY_PHASE_STRIP = NO;
				DEBUG_INFORMATION_FORMAT = "dwarf-with-dsym";
				ENABLE_NS_ASSERTIONS = NO;
				ENABLE_STRICT_OBJC_MSGSEND = YES;
				ENABLE_USER_SCRIPT_SANDBOXING = YES;
				GCC_C_LANGUAGE_STANDARD = gnu17;
				GCC_NO_COMMON_BLOCKS = YES;
				GCC_WARN_64_TO_32_BIT_CONVERSION = YES;
				GCC_WARN_ABOUT_RETURN_TYPE = YES_ERROR;
				GCC_WARN_UNDECLARED_SELECTOR = YES;
				GCC_WARN_UNINITIALIZED_AUTOS = YES_AGGRESSIVE;
				GCC_WARN_UNUSED_FUNCTION = YES;
				GCC_WARN_UNUSED_VARIABLE = YES;
				IPHONEOS_DEPLOYMENT_TARGET = 18.2;
				LOCALIZATION_PREFERS_STRING_CATALOGS = YES;
				MTL_ENABLE_DEBUG_INFO = NO;
				MTL_FAST_MATH = YES;
				SDKROOT = iphoneos;
				SWIFT_COMPILATION_MODE = wholemodule;
				VALIDATE_PRODUCT = YES;
			};
			name = Release;
		};
/* End XCBuildConfiguration section */

/* Begin XCConfigurationList section */
		686D27EA2D5EA8DC002726CF /* Build configuration list for PBXProject "Destiniii" */ = {
			isa = XCConfigurationList;
			buildConfigurations = (
				686D28052D5EA8DD002726CF /* Debug */,
				686D28062D5EA8DD002726CF /* Release */,
			);
			defaultConfigurationIsVisible = 0;
			defaultConfigurationName = Release;
		};
		686D28022D5EA8DD002726CF /* Build configuration list for PBXNativeTarget "Destiniii" */ = {
			isa = XCConfigurationList;
			buildConfigurations = (
				686D28032D5EA8DD002726CF /* Debug */,
				686D28042D5EA8DD002726CF /* Release */,
			);
			defaultConfigurationIsVisible = 0;
			defaultConfigurationName = Release;
		};
/* End XCConfigurationList section */
	};
	rootObject = 686D27E72D5EA8DC002726CF /* Project object */;
}
